
Microsoft Visual Studio Solution File, Format Version 12.00
# Visual Studio Version 17
VisualStudioVersion = 17.2.32519.379
MinimumVisualStudioVersion = 10.0.40219.1
Project("{FAE04EC0-301F-11D3-BF4B-00C04F79EFBC}") = "Khanomthainalin", "Khanomthainalin\Khanomthainalin.csproj", "{8E116AF0-3EB6-40D7-8239-5B78625AE2A5}"
EndProject
Global
	GlobalSection(SolutionConfigurationPlatforms) = preSolution
		Debug|Any CPU = Debug|Any CPU
		Release|Any CPU = Release|Any CPU
	EndGlobalSection
	GlobalSection(ProjectConfigurationPlatforms) = postSolution
		{8E116AF0-3EB6-40D7-8239-5B78625AE2A5}.Debug|Any CPU.ActiveCfg = Debug|Any CPU
		{8E116AF0-3EB6-40D7-8239-5B78625AE2A5}.Debug|Any CPU.Build.0 = Debug|Any CPU
		{8E116AF0-3EB6-40D7-8239-5B78625AE2A5}.Release|Any CPU.ActiveCfg = Release|Any CPU
		{8E116AF0-3EB6-40D7-8239-5B78625AE2A5}.Release|Any CPU.Build.0 = Release|Any CPU
	EndGlobalSection
	GlobalSection(SolutionProperties) = preSolution
		HideSolutionNode = FALSE
	EndGlobalSection
	GlobalSection(ExtensibilityGlobals) = postSolution
		SolutionGuid = {F6D182BF-E703-4B77-A937-932E5285531C}
	EndGlobalSection
EndGlobal
